
Microsoft Visual Studio Solution File, Format Version 12.00
# Visual Studio Version 16
VisualStudioVersion = 16.0.28803.352
MinimumVisualStudioVersion = 10.0.40219.1
Project("{8BC9CEB8-8B4A-11D0-8D11-00A0C91BC942}") = "Eulertasks", "Eulerproject\EulerProject.vcxproj", "{5BE84E2B-D16B-4293-93DA-6883E3B42E6C}"
EndProject
Project("{8BC9CEB8-8B4A-11D0-8D11-00A0C91BC942}") = "UnitTests", "UnitTests\UnitTests.vcxproj", "{2C8EC652-4B15-46F1-A3F5-1B91207D6AF3}"
EndProject
Project("{8BC9CEB8-8B4A-11D0-8D11-00A0C91BC942}") = "OpenCV", "OpenCV\OpenCV.vcxproj", "{EC58219C-0D96-45EA-929F-C18AF54FD7BA}"
EndProject
Project("{8BC9CEB8-8B4A-11D0-8D11-00A0C91BC942}") = "OpenGL", "OpenGL\OpenGL.vcxproj", "{773864A6-C46F-42E2-BD1D-53812BA5F6E7}"
EndProject
Project("{8BC9CEB8-8B4A-11D0-8D11-00A0C91BC942}") = "STLBook", "STLBook\STLBook.vcxproj", "{918DD72F-A4CC-4ADB-B2C8-65A4F4E762E0}"
EndProject
Project("{888888A0-9F3D-457C-B088-3A5042F75D52}") = "PythonPR", "PythonPR\PythonPR.pyproj", "{6C9B2E4C-D2F2-474B-9359-BB85DDAC4BBC}"
EndProject
Project("{8BC9CEB8-8B4A-11D0-8D11-00A0C91BC942}") = "box2d", "box2d\box2d.vcxproj", "{0EA15263-B0DC-43A0-90CE-7496CDBD6BE4}"
EndProject
Project("{8BC9CEB8-8B4A-11D0-8D11-00A0C91BC942}") = "BoostNewTest", "BoostNewTest\BoostNewTest.vcxproj", "{E99FD245-8770-49A5-83CD-930FB08ECD03}"
EndProject
Project("{8BC9CEB8-8B4A-11D0-8D11-00A0C91BC942}") = "EulerRunner", "EulerRunner\EulerRunner.vcxproj", "{BF3C611A-05B7-445B-AD82-E61C11179812}"
EndProject
Project("{8BC9CEB8-8B4A-11D0-8D11-00A0C91BC942}") = "C++17", "C++17\C++17.vcxproj", "{AC6C6032-BA6D-4D90-8AEF-0093890FC1BA}"
EndProject
Global
	GlobalSection(SolutionConfigurationPlatforms) = preSolution
		Debug|Any CPU = Debug|Any CPU
		Debug|ARM = Debug|ARM
		Debug|ARM64 = Debug|ARM64
		Debug|x64 = Debug|x64
		Debug|x86 = Debug|x86
		Release|Any CPU = Release|Any CPU
		Release|ARM = Release|ARM
		Release|ARM64 = Release|ARM64
		Release|x64 = Release|x64
		Release|x86 = Release|x86
	EndGlobalSection
	GlobalSection(ProjectConfigurationPlatforms) = postSolution
		{5BE84E2B-D16B-4293-93DA-6883E3B42E6C}.Debug|Any CPU.ActiveCfg = Debug|Win32
		{5BE84E2B-D16B-4293-93DA-6883E3B42E6C}.Debug|ARM.ActiveCfg = Debug|Win32
		{5BE84E2B-D16B-4293-93DA-6883E3B42E6C}.Debug|ARM64.ActiveCfg = Debug|Win32
		{5BE84E2B-D16B-4293-93DA-6883E3B42E6C}.Debug|x64.ActiveCfg = Debug|x64
		{5BE84E2B-D16B-4293-93DA-6883E3B42E6C}.Debug|x64.Build.0 = Debug|x64
		{5BE84E2B-D16B-4293-93DA-6883E3B42E6C}.Debug|x86.ActiveCfg = Debug|Win32
		{5BE84E2B-D16B-4293-93DA-6883E3B42E6C}.Debug|x86.Build.0 = Debug|Win32
		{5BE84E2B-D16B-4293-93DA-6883E3B42E6C}.Release|Any CPU.ActiveCfg = Release|Win32
		{5BE84E2B-D16B-4293-93DA-6883E3B42E6C}.Release|ARM.ActiveCfg = Release|Win32
		{5BE84E2B-D16B-4293-93DA-6883E3B42E6C}.Release|ARM64.ActiveCfg = Release|Win32
		{5BE84E2B-D16B-4293-93DA-6883E3B42E6C}.Release|x64.ActiveCfg = Release|x64
		{5BE84E2B-D16B-4293-93DA-6883E3B42E6C}.Release|x64.Build.0 = Release|x64
		{5BE84E2B-D16B-4293-93DA-6883E3B42E6C}.Release|x86.ActiveCfg = Release|Win32
		{5BE84E2B-D16B-4293-93DA-6883E3B42E6C}.Release|x86.Build.0 = Release|Win32
		{2C8EC652-4B15-46F1-A3F5-1B91207D6AF3}.Debug|Any CPU.ActiveCfg = Debug|Win32
		{2C8EC652-4B15-46F1-A3F5-1B91207D6AF3}.Debug|ARM.ActiveCfg = Debug|Win32
		{2C8EC652-4B15-46F1-A3F5-1B91207D6AF3}.Debug|ARM64.ActiveCfg = Debug|Win32
		{2C8EC652-4B15-46F1-A3F5-1B91207D6AF3}.Debug|x64.ActiveCfg = Debug|x64
		{2C8EC652-4B15-46F1-A3F5-1B91207D6AF3}.Debug|x64.Build.0 = Debug|x64
		{2C8EC652-4B15-46F1-A3F5-1B91207D6AF3}.Debug|x86.ActiveCfg = Debug|Win32
		{2C8EC652-4B15-46F1-A3F5-1B91207D6AF3}.Debug|x86.Build.0 = Debug|Win32
		{2C8EC652-4B15-46F1-A3F5-1B91207D6AF3}.Release|Any CPU.ActiveCfg = Release|Win32
		{2C8EC652-4B15-46F1-A3F5-1B91207D6AF3}.Release|ARM.ActiveCfg = Release|Win32
		{2C8EC652-4B15-46F1-A3F5-1B91207D6AF3}.Release|ARM64.ActiveCfg = Release|Win32
		{2C8EC652-4B15-46F1-A3F5-1B91207D6AF3}.Release|x64.ActiveCfg = Release|x64
		{2C8EC652-4B15-46F1-A3F5-1B91207D6AF3}.Release|x64.Build.0 = Release|x64
		{2C8EC652-4B15-46F1-A3F5-1B91207D6AF3}.Release|x86.ActiveCfg = Release|Win32
		{2C8EC652-4B15-46F1-A3F5-1B91207D6AF3}.Release|x86.Build.0 = Release|Win32
		{EC58219C-0D96-45EA-929F-C18AF54FD7BA}.Debug|Any CPU.ActiveCfg = Debug|Win32
		{EC58219C-0D96-45EA-929F-C18AF54FD7BA}.Debug|ARM.ActiveCfg = Debug|Win32
		{EC58219C-0D96-45EA-929F-C18AF54FD7BA}.Debug|ARM64.ActiveCfg = Debug|Win32
		{EC58219C-0D96-45EA-929F-C18AF54FD7BA}.Debug|x64.ActiveCfg = Debug|x64
		{EC58219C-0D96-45EA-929F-C18AF54FD7BA}.Debug|x64.Build.0 = Debug|x64
		{EC58219C-0D96-45EA-929F-C18AF54FD7BA}.Debug|x86.ActiveCfg = Debug|Win32
		{EC58219C-0D96-45EA-929F-C18AF54FD7BA}.Debug|x86.Build.0 = Debug|Win32
		{EC58219C-0D96-45EA-929F-C18AF54FD7BA}.Release|Any CPU.ActiveCfg = Release|Win32
		{EC58219C-0D96-45EA-929F-C18AF54FD7BA}.Release|ARM.ActiveCfg = Release|Win32
		{EC58219C-0D96-45EA-929F-C18AF54FD7BA}.Release|ARM64.ActiveCfg = Release|Win32
		{EC58219C-0D96-45EA-929F-C18AF54FD7BA}.Release|x64.ActiveCfg = Release|x64
		{EC58219C-0D96-45EA-929F-C18AF54FD7BA}.Release|x64.Build.0 = Release|x64
		{EC58219C-0D96-45EA-929F-C18AF54FD7BA}.Release|x86.ActiveCfg = Release|Win32
		{EC58219C-0D96-45EA-929F-C18AF54FD7BA}.Release|x86.Build.0 = Release|Win32
		{773864A6-C46F-42E2-BD1D-53812BA5F6E7}.Debug|Any CPU.ActiveCfg = Debug|Win32
		{773864A6-C46F-42E2-BD1D-53812BA5F6E7}.Debug|ARM.ActiveCfg = Debug|Win32
		{773864A6-C46F-42E2-BD1D-53812BA5F6E7}.Debug|ARM64.ActiveCfg = Debug|Win32
		{773864A6-C46F-42E2-BD1D-53812BA5F6E7}.Debug|x64.ActiveCfg = Debug|x64
		{773864A6-C46F-42E2-BD1D-53812BA5F6E7}.Debug|x64.Build.0 = Debug|x64
		{773864A6-C46F-42E2-BD1D-53812BA5F6E7}.Debug|x86.ActiveCfg = Debug|Win32
		{773864A6-C46F-42E2-BD1D-53812BA5F6E7}.Debug|x86.Build.0 = Debug|Win32
		{773864A6-C46F-42E2-BD1D-53812BA5F6E7}.Release|Any CPU.ActiveCfg = Release|Win32
		{773864A6-C46F-42E2-BD1D-53812BA5F6E7}.Release|ARM.ActiveCfg = Release|Win32
		{773864A6-C46F-42E2-BD1D-53812BA5F6E7}.Release|ARM64.ActiveCfg = Release|Win32
		{773864A6-C46F-42E2-BD1D-53812BA5F6E7}.Release|x64.ActiveCfg = Release|x64
		{773864A6-C46F-42E2-BD1D-53812BA5F6E7}.Release|x64.Build.0 = Release|x64
		{773864A6-C46F-42E2-BD1D-53812BA5F6E7}.Release|x86.ActiveCfg = Release|Win32
		{773864A6-C46F-42E2-BD1D-53812BA5F6E7}.Release|x86.Build.0 = Release|Win32
		{918DD72F-A4CC-4ADB-B2C8-65A4F4E762E0}.Debug|Any CPU.ActiveCfg = Debug|Win32
		{918DD72F-A4CC-4ADB-B2C8-65A4F4E762E0}.Debug|ARM.ActiveCfg = Debug|Win32
		{918DD72F-A4CC-4ADB-B2C8-65A4F4E762E0}.Debug|ARM64.ActiveCfg = Debug|Win32
		{918DD72F-A4CC-4ADB-B2C8-65A4F4E762E0}.Debug|x64.ActiveCfg = Debug|x64
		{918DD72F-A4CC-4ADB-B2C8-65A4F4E762E0}.Debug|x64.Build.0 = Debug|x64
		{918DD72F-A4CC-4ADB-B2C8-65A4F4E762E0}.Debug|x86.ActiveCfg = Debug|Win32
		{918DD72F-A4CC-4ADB-B2C8-65A4F4E762E0}.Debug|x86.Build.0 = Debug|Win32
		{918DD72F-A4CC-4ADB-B2C8-65A4F4E762E0}.Release|Any CPU.ActiveCfg = Release|Win32
		{918DD72F-A4CC-4ADB-B2C8-65A4F4E762E0}.Release|ARM.ActiveCfg = Release|Win32
		{918DD72F-A4CC-4ADB-B2C8-65A4F4E762E0}.Release|ARM64.ActiveCfg = Release|Win32
		{918DD72F-A4CC-4ADB-B2C8-65A4F4E762E0}.Release|x64.ActiveCfg = Release|x64
		{918DD72F-A4CC-4ADB-B2C8-65A4F4E762E0}.Release|x64.Build.0 = Release|x64
		{918DD72F-A4CC-4ADB-B2C8-65A4F4E762E0}.Release|x86.ActiveCfg = Release|Win32
		{918DD72F-A4CC-4ADB-B2C8-65A4F4E762E0}.Release|x86.Build.0 = Release|Win32
		{6C9B2E4C-D2F2-474B-9359-BB85DDAC4BBC}.Debug|Any CPU.ActiveCfg = Debug|Any CPU
		{6C9B2E4C-D2F2-474B-9359-BB85DDAC4BBC}.Debug|ARM.ActiveCfg = Debug|Any CPU
		{6C9B2E4C-D2F2-474B-9359-BB85DDAC4BBC}.Debug|ARM64.ActiveCfg = Debug|Any CPU
		{6C9B2E4C-D2F2-474B-9359-BB85DDAC4BBC}.Debug|x64.ActiveCfg = Debug|Any CPU
		{6C9B2E4C-D2F2-474B-9359-BB85DDAC4BBC}.Debug|x86.ActiveCfg = Debug|Any CPU
		{6C9B2E4C-D2F2-474B-9359-BB85DDAC4BBC}.Release|Any CPU.ActiveCfg = Release|Any CPU
		{6C9B2E4C-D2F2-474B-9359-BB85DDAC4BBC}.Release|ARM.ActiveCfg = Release|Any CPU
		{6C9B2E4C-D2F2-474B-9359-BB85DDAC4BBC}.Release|ARM64.ActiveCfg = Release|Any CPU
		{6C9B2E4C-D2F2-474B-9359-BB85DDAC4BBC}.Release|x64.ActiveCfg = Release|Any CPU
		{6C9B2E4C-D2F2-474B-9359-BB85DDAC4BBC}.Release|x86.ActiveCfg = Release|Any CPU
		{0EA15263-B0DC-43A0-90CE-7496CDBD6BE4}.Debug|Any CPU.ActiveCfg = Debug|Win32
		{0EA15263-B0DC-43A0-90CE-7496CDBD6BE4}.Debug|ARM.ActiveCfg = Debug|Win32
		{0EA15263-B0DC-43A0-90CE-7496CDBD6BE4}.Debug|ARM64.ActiveCfg = Debug|Win32
		{0EA15263-B0DC-43A0-90CE-7496CDBD6BE4}.Debug|x64.ActiveCfg = Debug|x64
		{0EA15263-B0DC-43A0-90CE-7496CDBD6BE4}.Debug|x64.Build.0 = Debug|x64
		{0EA15263-B0DC-43A0-90CE-7496CDBD6BE4}.Debug|x86.ActiveCfg = Debug|Win32
		{0EA15263-B0DC-43A0-90CE-7496CDBD6BE4}.Debug|x86.Build.0 = Debug|Win32
		{0EA15263-B0DC-43A0-90CE-7496CDBD6BE4}.Release|Any CPU.ActiveCfg = Release|Win32
		{0EA15263-B0DC-43A0-90CE-7496CDBD6BE4}.Release|ARM.ActiveCfg = Release|Win32
		{0EA15263-B0DC-43A0-90CE-7496CDBD6BE4}.Release|ARM64.ActiveCfg = Release|Win32
		{0EA15263-B0DC-43A0-90CE-7496CDBD6BE4}.Release|x64.ActiveCfg = Release|x64
		{0EA15263-B0DC-43A0-90CE-7496CDBD6BE4}.Release|x64.Build.0 = Release|x64
		{0EA15263-B0DC-43A0-90CE-7496CDBD6BE4}.Release|x86.ActiveCfg = Release|Win32
		{0EA15263-B0DC-43A0-90CE-7496CDBD6BE4}.Release|x86.Build.0 = Release|Win32
		{E99FD245-8770-49A5-83CD-930FB08ECD03}.Debug|Any CPU.ActiveCfg = Debug|Win32
		{E99FD245-8770-49A5-83CD-930FB08ECD03}.Debug|ARM.ActiveCfg = Debug|Win32
		{E99FD245-8770-49A5-83CD-930FB08ECD03}.Debug|ARM64.ActiveCfg = Debug|Win32
		{E99FD245-8770-49A5-83CD-930FB08ECD03}.Debug|x64.ActiveCfg = Debug|x64
		{E99FD245-8770-49A5-83CD-930FB08ECD03}.Debug|x64.Build.0 = Debug|x64
		{E99FD245-8770-49A5-83CD-930FB08ECD03}.Debug|x86.ActiveCfg = Debug|Win32
		{E99FD245-8770-49A5-83CD-930FB08ECD03}.Debug|x86.Build.0 = Debug|Win32
		{E99FD245-8770-49A5-83CD-930FB08ECD03}.Release|Any CPU.ActiveCfg = Release|Win32
		{E99FD245-8770-49A5-83CD-930FB08ECD03}.Release|ARM.ActiveCfg = Release|Win32
		{E99FD245-8770-49A5-83CD-930FB08ECD03}.Release|ARM64.ActiveCfg = Release|Win32
		{E99FD245-8770-49A5-83CD-930FB08ECD03}.Release|x64.ActiveCfg = Release|x64
		{E99FD245-8770-49A5-83CD-930FB08ECD03}.Release|x64.Build.0 = Release|x64
		{E99FD245-8770-49A5-83CD-930FB08ECD03}.Release|x86.ActiveCfg = Release|Win32
		{E99FD245-8770-49A5-83CD-930FB08ECD03}.Release|x86.Build.0 = Release|Win32
		{BF3C611A-05B7-445B-AD82-E61C11179812}.Debug|Any CPU.ActiveCfg = Debug|Win32
		{BF3C611A-05B7-445B-AD82-E61C11179812}.Debug|ARM.ActiveCfg = Debug|Win32
		{BF3C611A-05B7-445B-AD82-E61C11179812}.Debug|ARM64.ActiveCfg = Debug|Win32
		{BF3C611A-05B7-445B-AD82-E61C11179812}.Debug|x64.ActiveCfg = Debug|x64
		{BF3C611A-05B7-445B-AD82-E61C11179812}.Debug|x64.Build.0 = Debug|x64
		{BF3C611A-05B7-445B-AD82-E61C11179812}.Debug|x86.ActiveCfg = Debug|Win32
		{BF3C611A-05B7-445B-AD82-E61C11179812}.Debug|x86.Build.0 = Debug|Win32
		{BF3C611A-05B7-445B-AD82-E61C11179812}.Release|Any CPU.ActiveCfg = Release|Win32
		{BF3C611A-05B7-445B-AD82-E61C11179812}.Release|ARM.ActiveCfg = Release|Win32
		{BF3C611A-05B7-445B-AD82-E61C11179812}.Release|ARM64.ActiveCfg = Release|Win32
		{BF3C611A-05B7-445B-AD82-E61C11179812}.Release|x64.ActiveCfg = Release|x64
		{BF3C611A-05B7-445B-AD82-E61C11179812}.Release|x64.Build.0 = Release|x64
		{BF3C611A-05B7-445B-AD82-E61C11179812}.Release|x86.ActiveCfg = Release|Win32
		{BF3C611A-05B7-445B-AD82-E61C11179812}.Release|x86.Build.0 = Release|Win32
		{AC6C6032-BA6D-4D90-8AEF-0093890FC1BA}.Debug|Any CPU.ActiveCfg = Debug|Win32
		{AC6C6032-BA6D-4D90-8AEF-0093890FC1BA}.Debug|ARM.ActiveCfg = Debug|Win32
		{AC6C6032-BA6D-4D90-8AEF-0093890FC1BA}.Debug|ARM64.ActiveCfg = Debug|Win32
		{AC6C6032-BA6D-4D90-8AEF-0093890FC1BA}.Debug|x64.ActiveCfg = Debug|x64
		{AC6C6032-BA6D-4D90-8AEF-0093890FC1BA}.Debug|x64.Build.0 = Debug|x64
		{AC6C6032-BA6D-4D90-8AEF-0093890FC1BA}.Debug|x86.ActiveCfg = Debug|Win32
		{AC6C6032-BA6D-4D90-8AEF-0093890FC1BA}.Debug|x86.Build.0 = Debug|Win32
		{AC6C6032-BA6D-4D90-8AEF-0093890FC1BA}.Release|Any CPU.ActiveCfg = Release|Win32
		{AC6C6032-BA6D-4D90-8AEF-0093890FC1BA}.Release|ARM.ActiveCfg = Release|Win32
		{AC6C6032-BA6D-4D90-8AEF-0093890FC1BA}.Release|ARM64.ActiveCfg = Release|Win32
		{AC6C6032-BA6D-4D90-8AEF-0093890FC1BA}.Release|x64.ActiveCfg = Release|x64
		{AC6C6032-BA6D-4D90-8AEF-0093890FC1BA}.Release|x64.Build.0 = Release|x64
		{AC6C6032-BA6D-4D90-8AEF-0093890FC1BA}.Release|x86.ActiveCfg = Release|Win32
		{AC6C6032-BA6D-4D90-8AEF-0093890FC1BA}.Release|x86.Build.0 = Release|Win32
	EndGlobalSection
	GlobalSection(SolutionProperties) = preSolution
		HideSolutionNode = FALSE
	EndGlobalSection
	GlobalSection(ExtensibilityGlobals) = postSolution
		SolutionGuid = {7C7D45C4-631C-410D-A79E-1921B9B0812D}
	EndGlobalSection
EndGlobal
