
Microsoft Visual Studio Solution File, Format Version 12.00
# Visual Studio 15
VisualStudioVersion = 15.0.27703.2000
MinimumVisualStudioVersion = 10.0.40219.1
Project("{8BC9CEB8-8B4A-11D0-8D11-00A0C91BC942}") = "Eulertasks", "Trainings\Trainings.vcxproj", "{5BE84E2B-D16B-4293-93DA-6883E3B42E6C}"
EndProject
Project("{8BC9CEB8-8B4A-11D0-8D11-00A0C91BC942}") = "UnitTest1", "UnitTest1\UnitTest1.vcxproj", "{2C8EC652-4B15-46F1-A3F5-1B91207D6AF3}"
EndProject
Project("{8BC9CEB8-8B4A-11D0-8D11-00A0C91BC942}") = "Open_CV", "Open_CV\Open_CV.vcxproj", "{EC58219C-0D96-45EA-929F-C18AF54FD7BA}"
EndProject
Project("{8BC9CEB8-8B4A-11D0-8D11-00A0C91BC942}") = "Open_GL", "Open_GL\Open_GL.vcxproj", "{773864A6-C46F-42E2-BD1D-53812BA5F6E7}"
EndProject
Project("{39E2626F-3545-4960-A6E8-258AD8476CE5}") = "AndroidAnt", "AndroidAnt\AndroidAnt.androidproj", "{1B8283B3-0576-40D9-90F5-BD7246955DCE}"
EndProject
Project("{8BC9CEB8-8B4A-11D0-8D11-00A0C91BC942}") = "STL_Book", "STL_Book\STL_Book.vcxproj", "{918DD72F-A4CC-4ADB-B2C8-65A4F4E762E0}"
EndProject
Global
	GlobalSection(SolutionConfigurationPlatforms) = preSolution
		Debug|ARM = Debug|ARM
		Debug|ARM64 = Debug|ARM64
		Debug|x64 = Debug|x64
		Debug|x86 = Debug|x86
		Release|ARM = Release|ARM
		Release|ARM64 = Release|ARM64
		Release|x64 = Release|x64
		Release|x86 = Release|x86
	EndGlobalSection
	GlobalSection(ProjectConfigurationPlatforms) = postSolution
		{5BE84E2B-D16B-4293-93DA-6883E3B42E6C}.Debug|ARM.ActiveCfg = Debug|Win32
		{5BE84E2B-D16B-4293-93DA-6883E3B42E6C}.Debug|ARM64.ActiveCfg = Debug|Win32
		{5BE84E2B-D16B-4293-93DA-6883E3B42E6C}.Debug|x64.ActiveCfg = Debug|x64
		{5BE84E2B-D16B-4293-93DA-6883E3B42E6C}.Debug|x64.Build.0 = Debug|x64
		{5BE84E2B-D16B-4293-93DA-6883E3B42E6C}.Debug|x86.ActiveCfg = Debug|Win32
		{5BE84E2B-D16B-4293-93DA-6883E3B42E6C}.Debug|x86.Build.0 = Debug|Win32
		{5BE84E2B-D16B-4293-93DA-6883E3B42E6C}.Release|ARM.ActiveCfg = Release|Win32
		{5BE84E2B-D16B-4293-93DA-6883E3B42E6C}.Release|ARM64.ActiveCfg = Release|Win32
		{5BE84E2B-D16B-4293-93DA-6883E3B42E6C}.Release|x64.ActiveCfg = Release|x64
		{5BE84E2B-D16B-4293-93DA-6883E3B42E6C}.Release|x64.Build.0 = Release|x64
		{5BE84E2B-D16B-4293-93DA-6883E3B42E6C}.Release|x86.ActiveCfg = Release|Win32
		{5BE84E2B-D16B-4293-93DA-6883E3B42E6C}.Release|x86.Build.0 = Release|Win32
		{2C8EC652-4B15-46F1-A3F5-1B91207D6AF3}.Debug|ARM.ActiveCfg = Debug|Win32
		{2C8EC652-4B15-46F1-A3F5-1B91207D6AF3}.Debug|ARM64.ActiveCfg = Debug|Win32
		{2C8EC652-4B15-46F1-A3F5-1B91207D6AF3}.Debug|x64.ActiveCfg = Debug|x64
		{2C8EC652-4B15-46F1-A3F5-1B91207D6AF3}.Debug|x64.Build.0 = Debug|x64
		{2C8EC652-4B15-46F1-A3F5-1B91207D6AF3}.Debug|x86.ActiveCfg = Debug|Win32
		{2C8EC652-4B15-46F1-A3F5-1B91207D6AF3}.Debug|x86.Build.0 = Debug|Win32
		{2C8EC652-4B15-46F1-A3F5-1B91207D6AF3}.Release|ARM.ActiveCfg = Release|Win32
		{2C8EC652-4B15-46F1-A3F5-1B91207D6AF3}.Release|ARM64.ActiveCfg = Release|Win32
		{2C8EC652-4B15-46F1-A3F5-1B91207D6AF3}.Release|x64.ActiveCfg = Release|x64
		{2C8EC652-4B15-46F1-A3F5-1B91207D6AF3}.Release|x64.Build.0 = Release|x64
		{2C8EC652-4B15-46F1-A3F5-1B91207D6AF3}.Release|x86.ActiveCfg = Release|Win32
		{2C8EC652-4B15-46F1-A3F5-1B91207D6AF3}.Release|x86.Build.0 = Release|Win32
		{EC58219C-0D96-45EA-929F-C18AF54FD7BA}.Debug|ARM.ActiveCfg = Debug|Win32
		{EC58219C-0D96-45EA-929F-C18AF54FD7BA}.Debug|ARM64.ActiveCfg = Debug|Win32
		{EC58219C-0D96-45EA-929F-C18AF54FD7BA}.Debug|x64.ActiveCfg = Debug|x64
		{EC58219C-0D96-45EA-929F-C18AF54FD7BA}.Debug|x64.Build.0 = Debug|x64
		{EC58219C-0D96-45EA-929F-C18AF54FD7BA}.Debug|x86.ActiveCfg = Debug|Win32
		{EC58219C-0D96-45EA-929F-C18AF54FD7BA}.Debug|x86.Build.0 = Debug|Win32
		{EC58219C-0D96-45EA-929F-C18AF54FD7BA}.Release|ARM.ActiveCfg = Release|Win32
		{EC58219C-0D96-45EA-929F-C18AF54FD7BA}.Release|ARM64.ActiveCfg = Release|Win32
		{EC58219C-0D96-45EA-929F-C18AF54FD7BA}.Release|x64.ActiveCfg = Release|x64
		{EC58219C-0D96-45EA-929F-C18AF54FD7BA}.Release|x64.Build.0 = Release|x64
		{EC58219C-0D96-45EA-929F-C18AF54FD7BA}.Release|x86.ActiveCfg = Release|Win32
		{EC58219C-0D96-45EA-929F-C18AF54FD7BA}.Release|x86.Build.0 = Release|Win32
		{773864A6-C46F-42E2-BD1D-53812BA5F6E7}.Debug|ARM.ActiveCfg = Debug|Win32
		{773864A6-C46F-42E2-BD1D-53812BA5F6E7}.Debug|ARM64.ActiveCfg = Debug|Win32
		{773864A6-C46F-42E2-BD1D-53812BA5F6E7}.Debug|x64.ActiveCfg = Debug|x64
		{773864A6-C46F-42E2-BD1D-53812BA5F6E7}.Debug|x64.Build.0 = Debug|x64
		{773864A6-C46F-42E2-BD1D-53812BA5F6E7}.Debug|x86.ActiveCfg = Debug|Win32
		{773864A6-C46F-42E2-BD1D-53812BA5F6E7}.Debug|x86.Build.0 = Debug|Win32
		{773864A6-C46F-42E2-BD1D-53812BA5F6E7}.Release|ARM.ActiveCfg = Release|Win32
		{773864A6-C46F-42E2-BD1D-53812BA5F6E7}.Release|ARM64.ActiveCfg = Release|Win32
		{773864A6-C46F-42E2-BD1D-53812BA5F6E7}.Release|x64.ActiveCfg = Release|x64
		{773864A6-C46F-42E2-BD1D-53812BA5F6E7}.Release|x64.Build.0 = Release|x64
		{773864A6-C46F-42E2-BD1D-53812BA5F6E7}.Release|x86.ActiveCfg = Release|Win32
		{773864A6-C46F-42E2-BD1D-53812BA5F6E7}.Release|x86.Build.0 = Release|Win32
		{1B8283B3-0576-40D9-90F5-BD7246955DCE}.Debug|ARM.ActiveCfg = Debug|ARM
		{1B8283B3-0576-40D9-90F5-BD7246955DCE}.Debug|ARM.Build.0 = Debug|ARM
		{1B8283B3-0576-40D9-90F5-BD7246955DCE}.Debug|ARM.Deploy.0 = Debug|ARM
		{1B8283B3-0576-40D9-90F5-BD7246955DCE}.Debug|ARM64.ActiveCfg = Debug|ARM64
		{1B8283B3-0576-40D9-90F5-BD7246955DCE}.Debug|ARM64.Build.0 = Debug|ARM64
		{1B8283B3-0576-40D9-90F5-BD7246955DCE}.Debug|ARM64.Deploy.0 = Debug|ARM64
		{1B8283B3-0576-40D9-90F5-BD7246955DCE}.Debug|x64.ActiveCfg = Debug|x64
		{1B8283B3-0576-40D9-90F5-BD7246955DCE}.Debug|x64.Build.0 = Debug|x64
		{1B8283B3-0576-40D9-90F5-BD7246955DCE}.Debug|x64.Deploy.0 = Debug|x64
		{1B8283B3-0576-40D9-90F5-BD7246955DCE}.Debug|x86.ActiveCfg = Debug|x86
		{1B8283B3-0576-40D9-90F5-BD7246955DCE}.Debug|x86.Build.0 = Debug|x86
		{1B8283B3-0576-40D9-90F5-BD7246955DCE}.Debug|x86.Deploy.0 = Debug|x86
		{1B8283B3-0576-40D9-90F5-BD7246955DCE}.Release|ARM.ActiveCfg = Release|ARM
		{1B8283B3-0576-40D9-90F5-BD7246955DCE}.Release|ARM.Build.0 = Release|ARM
		{1B8283B3-0576-40D9-90F5-BD7246955DCE}.Release|ARM.Deploy.0 = Release|ARM
		{1B8283B3-0576-40D9-90F5-BD7246955DCE}.Release|ARM64.ActiveCfg = Release|ARM64
		{1B8283B3-0576-40D9-90F5-BD7246955DCE}.Release|ARM64.Build.0 = Release|ARM64
		{1B8283B3-0576-40D9-90F5-BD7246955DCE}.Release|ARM64.Deploy.0 = Release|ARM64
		{1B8283B3-0576-40D9-90F5-BD7246955DCE}.Release|x64.ActiveCfg = Release|x64
		{1B8283B3-0576-40D9-90F5-BD7246955DCE}.Release|x64.Build.0 = Release|x64
		{1B8283B3-0576-40D9-90F5-BD7246955DCE}.Release|x64.Deploy.0 = Release|x64
		{1B8283B3-0576-40D9-90F5-BD7246955DCE}.Release|x86.ActiveCfg = Release|x86
		{1B8283B3-0576-40D9-90F5-BD7246955DCE}.Release|x86.Build.0 = Release|x86
		{1B8283B3-0576-40D9-90F5-BD7246955DCE}.Release|x86.Deploy.0 = Release|x86
		{918DD72F-A4CC-4ADB-B2C8-65A4F4E762E0}.Debug|ARM.ActiveCfg = Debug|Win32
		{918DD72F-A4CC-4ADB-B2C8-65A4F4E762E0}.Debug|ARM64.ActiveCfg = Debug|Win32
		{918DD72F-A4CC-4ADB-B2C8-65A4F4E762E0}.Debug|x64.ActiveCfg = Debug|x64
		{918DD72F-A4CC-4ADB-B2C8-65A4F4E762E0}.Debug|x64.Build.0 = Debug|x64
		{918DD72F-A4CC-4ADB-B2C8-65A4F4E762E0}.Debug|x86.ActiveCfg = Debug|Win32
		{918DD72F-A4CC-4ADB-B2C8-65A4F4E762E0}.Debug|x86.Build.0 = Debug|Win32
		{918DD72F-A4CC-4ADB-B2C8-65A4F4E762E0}.Release|ARM.ActiveCfg = Release|Win32
		{918DD72F-A4CC-4ADB-B2C8-65A4F4E762E0}.Release|ARM64.ActiveCfg = Release|Win32
		{918DD72F-A4CC-4ADB-B2C8-65A4F4E762E0}.Release|x64.ActiveCfg = Release|x64
		{918DD72F-A4CC-4ADB-B2C8-65A4F4E762E0}.Release|x64.Build.0 = Release|x64
		{918DD72F-A4CC-4ADB-B2C8-65A4F4E762E0}.Release|x86.ActiveCfg = Release|Win32
		{918DD72F-A4CC-4ADB-B2C8-65A4F4E762E0}.Release|x86.Build.0 = Release|Win32
	EndGlobalSection
	GlobalSection(SolutionProperties) = preSolution
		HideSolutionNode = FALSE
	EndGlobalSection
	GlobalSection(ExtensibilityGlobals) = postSolution
		SolutionGuid = {7C7D45C4-631C-410D-A79E-1921B9B0812D}
	EndGlobalSection
EndGlobal
